
Microsoft Visual Studio Solution File, Format Version 12.00
# Visual Studio Version 16
VisualStudioVersion = 16.0.31702.278
MinimumVisualStudioVersion = 10.0.40219.1
Project("{9A19103F-16F7-4668-BE54-9A1E7A4F7556}") = "Api", "designing-chart-api\Api.csproj", "{B067EB23-8039-406B-BD10-99EC80DF006A}"
EndProject
Project("{9A19103F-16F7-4668-BE54-9A1E7A4F7556}") = "Domain", "Domain\Domain.csproj", "{F53A4357-9BF9-4A2A-89C5-9959C5D8F25F}"
EndProject
Project("{9A19103F-16F7-4668-BE54-9A1E7A4F7556}") = "Data", "Data\Data.csproj", "{240E96BD-CA0B-4958-B7D9-A86199FA9578}"
EndProject
Project("{9A19103F-16F7-4668-BE54-9A1E7A4F7556}") = "Data.Contract", "Data.Contract\Data.Contract.csproj", "{939D774B-66BF-4831-9FB5-9B1F5BBC0254}"
EndProject
Project("{9A19103F-16F7-4668-BE54-9A1E7A4F7556}") = "Business.Contract", "Business.Contract\Business.Contract.csproj", "{04BC4291-3EA3-4265-8000-9E200D3F65EE}"
EndProject
Project("{9A19103F-16F7-4668-BE54-9A1E7A4F7556}") = "Business", "Business\Business.csproj", "{1ADC9B81-FE58-41EB-8C8F-AFBEB68F332D}"
EndProject
Project("{FAE04EC0-301F-11D3-BF4B-00C04F79EFBC}") = "BusinessTests", "BusinessTests\BusinessTests.csproj", "{6E0355AE-A4A2-45C2-9607-0A703C029014}"
EndProject
Global
	GlobalSection(SolutionConfigurationPlatforms) = preSolution
		Debug|Any CPU = Debug|Any CPU
		Release|Any CPU = Release|Any CPU
	EndGlobalSection
	GlobalSection(ProjectConfigurationPlatforms) = postSolution
		{B067EB23-8039-406B-BD10-99EC80DF006A}.Debug|Any CPU.ActiveCfg = Debug|Any CPU
		{B067EB23-8039-406B-BD10-99EC80DF006A}.Debug|Any CPU.Build.0 = Debug|Any CPU
		{B067EB23-8039-406B-BD10-99EC80DF006A}.Release|Any CPU.ActiveCfg = Release|Any CPU
		{B067EB23-8039-406B-BD10-99EC80DF006A}.Release|Any CPU.Build.0 = Release|Any CPU
		{F53A4357-9BF9-4A2A-89C5-9959C5D8F25F}.Debug|Any CPU.ActiveCfg = Debug|Any CPU
		{F53A4357-9BF9-4A2A-89C5-9959C5D8F25F}.Debug|Any CPU.Build.0 = Debug|Any CPU
		{F53A4357-9BF9-4A2A-89C5-9959C5D8F25F}.Release|Any CPU.ActiveCfg = Release|Any CPU
		{F53A4357-9BF9-4A2A-89C5-9959C5D8F25F}.Release|Any CPU.Build.0 = Release|Any CPU
		{240E96BD-CA0B-4958-B7D9-A86199FA9578}.Debug|Any CPU.ActiveCfg = Debug|Any CPU
		{240E96BD-CA0B-4958-B7D9-A86199FA9578}.Debug|Any CPU.Build.0 = Debug|Any CPU
		{240E96BD-CA0B-4958-B7D9-A86199FA9578}.Release|Any CPU.ActiveCfg = Release|Any CPU
		{240E96BD-CA0B-4958-B7D9-A86199FA9578}.Release|Any CPU.Build.0 = Release|Any CPU
		{939D774B-66BF-4831-9FB5-9B1F5BBC0254}.Debug|Any CPU.ActiveCfg = Debug|Any CPU
		{939D774B-66BF-4831-9FB5-9B1F5BBC0254}.Debug|Any CPU.Build.0 = Debug|Any CPU
		{939D774B-66BF-4831-9FB5-9B1F5BBC0254}.Release|Any CPU.ActiveCfg = Release|Any CPU
		{939D774B-66BF-4831-9FB5-9B1F5BBC0254}.Release|Any CPU.Build.0 = Release|Any CPU
		{04BC4291-3EA3-4265-8000-9E200D3F65EE}.Debug|Any CPU.ActiveCfg = Debug|Any CPU
		{04BC4291-3EA3-4265-8000-9E200D3F65EE}.Debug|Any CPU.Build.0 = Debug|Any CPU
		{04BC4291-3EA3-4265-8000-9E200D3F65EE}.Release|Any CPU.ActiveCfg = Release|Any CPU
		{04BC4291-3EA3-4265-8000-9E200D3F65EE}.Release|Any CPU.Build.0 = Release|Any CPU
		{1ADC9B81-FE58-41EB-8C8F-AFBEB68F332D}.Debug|Any CPU.ActiveCfg = Debug|Any CPU
		{1ADC9B81-FE58-41EB-8C8F-AFBEB68F332D}.Debug|Any CPU.Build.0 = Debug|Any CPU
		{1ADC9B81-FE58-41EB-8C8F-AFBEB68F332D}.Release|Any CPU.ActiveCfg = Release|Any CPU
		{1ADC9B81-FE58-41EB-8C8F-AFBEB68F332D}.Release|Any CPU.Build.0 = Release|Any CPU
		{6E0355AE-A4A2-45C2-9607-0A703C029014}.Debug|Any CPU.ActiveCfg = Debug|Any CPU
		{6E0355AE-A4A2-45C2-9607-0A703C029014}.Debug|Any CPU.Build.0 = Debug|Any CPU
		{6E0355AE-A4A2-45C2-9607-0A703C029014}.Release|Any CPU.ActiveCfg = Release|Any CPU
		{6E0355AE-A4A2-45C2-9607-0A703C029014}.Release|Any CPU.Build.0 = Release|Any CPU
	EndGlobalSection
	GlobalSection(SolutionProperties) = preSolution
		HideSolutionNode = FALSE
	EndGlobalSection
	GlobalSection(ExtensibilityGlobals) = postSolution
		SolutionGuid = {A3B67DC0-0CAB-41CD-A18E-0E72D692FEBB}
	EndGlobalSection
EndGlobal
